
Microsoft Visual Studio Solution File, Format Version 12.00
# Visual Studio Version 16
VisualStudioVersion = 16.0.30105.148
MinimumVisualStudioVersion = 10.0.40219.1
Project("{9A19103F-16F7-4668-BE54-9A1E7A4F7556}") = "BulkAllocator", "BulkAllocator\BulkAllocator.csproj", "{BF285DE5-9FCC-4005-BAFA-97B2EAECB8CF}"
EndProject
Project("{2150E333-8FDC-42A3-9474-1A3956D46DE8}") = "Solution Items", "Solution Items", "{5158D255-E84B-447C-BC2A-2C7C18812DEF}"
	ProjectSection(SolutionItems) = preProject
		README.md = README.md
	EndProjectSection
EndProject
Global
	GlobalSection(SolutionConfigurationPlatforms) = preSolution
		Debug|Any CPU = Debug|Any CPU
		Release|Any CPU = Release|Any CPU
	EndGlobalSection
	GlobalSection(ProjectConfigurationPlatforms) = postSolution
		{BF285DE5-9FCC-4005-BAFA-97B2EAECB8CF}.Debug|Any CPU.ActiveCfg = Debug|Any CPU
		{BF285DE5-9FCC-4005-BAFA-97B2EAECB8CF}.Debug|Any CPU.Build.0 = Debug|Any CPU
		{BF285DE5-9FCC-4005-BAFA-97B2EAECB8CF}.Release|Any CPU.ActiveCfg = Release|Any CPU
		{BF285DE5-9FCC-4005-BAFA-97B2EAECB8CF}.Release|Any CPU.Build.0 = Release|Any CPU
	EndGlobalSection
	GlobalSection(SolutionProperties) = preSolution
		HideSolutionNode = FALSE
	EndGlobalSection
	GlobalSection(ExtensibilityGlobals) = postSolution
		SolutionGuid = {01B829D1-159A-433E-B377-C5C222E64BF1}
	EndGlobalSection
EndGlobal
